
Microsoft Visual Studio Solution File, Format Version 12.00
# Visual Studio Version 17
VisualStudioVersion = 17.14.36518.9 d17.14
MinimumVisualStudioVersion = 10.0.40219.1
Project("{FAE04EC0-301F-11D3-BF4B-00C04F79EFBC}") = "laba_2", "laba_2.csproj", "{6A34D964-5D87-4B9A-8BC9-62B11CED1E75}"
EndProject
Global
	GlobalSection(SolutionConfigurationPlatforms) = preSolution
		Debug|Any CPU = Debug|Any CPU
		Release|Any CPU = Release|Any CPU
	EndGlobalSection
	GlobalSection(ProjectConfigurationPlatforms) = postSolution
		{6A34D964-5D87-4B9A-8BC9-62B11CED1E75}.Debug|Any CPU.ActiveCfg = Debug|Any CPU
		{6A34D964-5D87-4B9A-8BC9-62B11CED1E75}.Debug|Any CPU.Build.0 = Debug|Any CPU
		{6A34D964-5D87-4B9A-8BC9-62B11CED1E75}.Release|Any CPU.ActiveCfg = Release|Any CPU
		{6A34D964-5D87-4B9A-8BC9-62B11CED1E75}.Release|Any CPU.Build.0 = Release|Any CPU
	EndGlobalSection
	GlobalSection(SolutionProperties) = preSolution
		HideSolutionNode = FALSE
	EndGlobalSection
	GlobalSection(ExtensibilityGlobals) = postSolution
		SolutionGuid = {B4C741BE-7110-4DD3-A171-09216B78918A}
	EndGlobalSection
EndGlobal
